# This file is automatically @generated by Cargo.
# It is not intended for manual editing.
version = 4

[[package]]
name = "lazy_static"
version = "1.5.1"
source = "registry+https://github.com/rust-lang/crates.io-index"
checksum = "20870f649af7073d53e38067b2a84312175d56ea15217e1b15bc83506ec50afb"

[[package]]
name = "libc"
version = "0.2.190"
source = "registry+https://github.com/rust-lang/crates.io-index"
checksum = "ce5d3ddc6d3fa000eb1536d85e147bfe31aacaba692ed6a876f95cb7c855be78"

[[package]]
name = "rbgame_native"
version = "0.1.0"
dependencies = [
 "lazy_static",
 "rutie",
 "sdl3",
 "sdl3-image",
 "sdl3-mixer",
 "sdl3-ttf",
]

[[package]]
name = "rutie"
version = "0.13.1"
source = "registry+https://github.com/rust-lang/crates.io-index"
checksum = "30d1529470ad0b69b81a6d0224632d00c01b46ef671452e24407512165b7ed84"
dependencies = [
 "lazy_static",
 "libc",
]

[[package]]
name = "sdl3"
version = "3.5.0"
source = "git+https://github.com/danielpclark/SDL?rev=47c817cc2c7b#47c817cc2c7b80666a26a8ac8ec0927d2d7f9d2b"
dependencies = [
 "libc",
 "windows-sys",
]

[[package]]
name = "sdl3-image"
version = "3.5.0"
source = "git+https://github.com/danielpclark/SDL?rev=47c817cc2c7b#47c817cc2c7b80666a26a8ac8ec0927d2d7f9d2b"
dependencies = [
 "sdl3",
]

[[package]]
name = "sdl3-mixer"
version = "3.5.0"
source = "git+https://github.com/danielpclark/SDL?rev=47c817cc2c7b#47c817cc2c7b80666a26a8ac8ec0927d2d7f9d2b"
dependencies = [
 "sdl3",
 "sdl3-mixer-timidity",
]

[[package]]
name = "sdl3-mixer-timidity"
version = "3.5.0"
source = "git+https://github.com/danielpclark/SDL?rev=47c817cc2c7b#47c817cc2c7b80666a26a8ac8ec0927d2d7f9d2b"
dependencies = [
 "sdl3",
]

[[package]]
name = "sdl3-ttf"
version = "3.5.0"
source = "git+https://github.com/danielpclark/SDL?rev=47c817cc2c7b#47c817cc2c7b80666a26a8ac8ec0927d2d7f9d2b"
dependencies = [
 "sdl3",
]

[[package]]
name = "windows-link"
version = "0.2.1"
source = "registry+https://github.com/rust-lang/crates.io-index"
checksum = "f0805222e57f7521d6a62e36fa9163bc891acd422f971defe97d64e70d0a4fe5"

[[package]]
name = "windows-sys"
version = "0.61.2"
source = "registry+https://github.com/rust-lang/crates.io-index"
checksum = "ae137229bcbd6cdf0f7b80a31df61766145077ddf49416a728b02cb3921ff3fc"
dependencies = [
 "windows-link",
]
